
Microsoft Visual Studio Solution File, Format Version 12.00
# Visual Studio Version 17
VisualStudioVersion = 17.0.32014.148
MinimumVisualStudioVersion = 10.0.40219.1
Project("{FAE04EC0-301F-11D3-BF4B-00C04F79EFBC}") = "Net.Web", "Net.Web.csproj", "{0AAF3D64-9F93-47FE-9B31-DB30B18E48FB}"
EndProject
Project("{FAE04EC0-301F-11D3-BF4B-00C04F79EFBC}") = "Net.Data", "..\Net.Data\Net.Data.csproj", "{C6C997FE-0BB7-43F4-9216-A367063EBBF9}"
EndProject
Project("{FAE04EC0-301F-11D3-BF4B-00C04F79EFBC}") = "Net.Service", "..\Net.Services\Net.Service.csproj", "{7E16ABB6-9D13-4C83-8ACF-6B3351697BD3}"
EndProject
Global
	GlobalSection(SolutionConfigurationPlatforms) = preSolution
		Debug|Any CPU = Debug|Any CPU
		Release|Any CPU = Release|Any CPU
	EndGlobalSection
	GlobalSection(ProjectConfigurationPlatforms) = postSolution
		{0AAF3D64-9F93-47FE-9B31-DB30B18E48FB}.Debug|Any CPU.ActiveCfg = Debug|Any CPU
		{0AAF3D64-9F93-47FE-9B31-DB30B18E48FB}.Debug|Any CPU.Build.0 = Debug|Any CPU
		{0AAF3D64-9F93-47FE-9B31-DB30B18E48FB}.Release|Any CPU.ActiveCfg = Release|Any CPU
		{0AAF3D64-9F93-47FE-9B31-DB30B18E48FB}.Release|Any CPU.Build.0 = Release|Any CPU
		{C6C997FE-0BB7-43F4-9216-A367063EBBF9}.Debug|Any CPU.ActiveCfg = Debug|Any CPU
		{C6C997FE-0BB7-43F4-9216-A367063EBBF9}.Debug|Any CPU.Build.0 = Debug|Any CPU
		{C6C997FE-0BB7-43F4-9216-A367063EBBF9}.Release|Any CPU.ActiveCfg = Release|Any CPU
		{C6C997FE-0BB7-43F4-9216-A367063EBBF9}.Release|Any CPU.Build.0 = Release|Any CPU
		{7E16ABB6-9D13-4C83-8ACF-6B3351697BD3}.Debug|Any CPU.ActiveCfg = Debug|Any CPU
		{7E16ABB6-9D13-4C83-8ACF-6B3351697BD3}.Debug|Any CPU.Build.0 = Debug|Any CPU
		{7E16ABB6-9D13-4C83-8ACF-6B3351697BD3}.Release|Any CPU.ActiveCfg = Release|Any CPU
		{7E16ABB6-9D13-4C83-8ACF-6B3351697BD3}.Release|Any CPU.Build.0 = Release|Any CPU
	EndGlobalSection
	GlobalSection(SolutionProperties) = preSolution
		HideSolutionNode = FALSE
	EndGlobalSection
	GlobalSection(ExtensibilityGlobals) = postSolution
		SolutionGuid = {7A11C877-0ED4-442A-B5A4-79FD44120589}
	EndGlobalSection
EndGlobal
